
Microsoft Visual Studio Solution File, Format Version 12.00
# Visual Studio Version 17
VisualStudioVersion = 17.3.32819.101
MinimumVisualStudioVersion = 10.0.40219.1
Project("{8BC9CEB8-8B4A-11D0-8D11-00A0C91BC942}") = "OpenGL_Triangle_Standalone_Solution", "OpenGL_Triangle_Standalone_Solution\OpenGL_Triangle_Standalone_Solution.vcxproj", "{ABE5DA3E-66DD-492C-9942-B5545CDA6F32}"
EndProject
Global
	GlobalSection(SolutionConfigurationPlatforms) = preSolution
		Debug|x64 = Debug|x64
		Debug|x86 = Debug|x86
		Release|x64 = Release|x64
		Release|x86 = Release|x86
	EndGlobalSection
	GlobalSection(ProjectConfigurationPlatforms) = postSolution
		{ABE5DA3E-66DD-492C-9942-B5545CDA6F32}.Debug|x64.ActiveCfg = Debug|x64
		{ABE5DA3E-66DD-492C-9942-B5545CDA6F32}.Debug|x64.Build.0 = Debug|x64
		{ABE5DA3E-66DD-492C-9942-B5545CDA6F32}.Debug|x86.ActiveCfg = Debug|Win32
		{ABE5DA3E-66DD-492C-9942-B5545CDA6F32}.Debug|x86.Build.0 = Debug|Win32
		{ABE5DA3E-66DD-492C-9942-B5545CDA6F32}.Release|x64.ActiveCfg = Release|x64
		{ABE5DA3E-66DD-492C-9942-B5545CDA6F32}.Release|x64.Build.0 = Release|x64
		{ABE5DA3E-66DD-492C-9942-B5545CDA6F32}.Release|x86.ActiveCfg = Release|Win32
		{ABE5DA3E-66DD-492C-9942-B5545CDA6F32}.Release|x86.Build.0 = Release|Win32
	EndGlobalSection
	GlobalSection(SolutionProperties) = preSolution
		HideSolutionNode = FALSE
	EndGlobalSection
	GlobalSection(ExtensibilityGlobals) = postSolution
		SolutionGuid = {BBEDC5FE-B82A-4893-8D3C-B3C0DE009F7A}
	EndGlobalSection
EndGlobal
